NeoBundleLock SimpylFold aa0371d9d708388f3ba385ccc67a7504586a20d9
NeoBundleLock bats.vim 3c283f594ff8bc7fb0c25cd07ebef0f17385f94a
NeoBundleLock ctrlp.vim 564176f01d7f3f7f8ab452ff4e1f5314de7b0981
NeoBundleLock dash.vim 25b17d9488454a1fcdbb2cbe829a23226f95e3c2
NeoBundleLock neobundle.vim 26d03781886ed887e390d4ad8b935987754b1c2c
NeoBundleLock neocomplete 1401a1c6ab56546c55804ba09e6c9fe87654e954
NeoBundleLock nerdcommenter 670dba1bb53bc025173920b8066595074208fbe0
NeoBundleLock nerdtree e47e588705bd7d205a3b5a60ac7090c9a2504ba2
NeoBundleLock promptline.vim bcce033792fb1d5745f42fe65b963754c5353847
NeoBundleLock python-syntax 69760cb3accce488cc072772ca918ac2cbf384ba
NeoBundleLock rust.vim 8e75da9834abb22f8d7ece3f4ca4324a14fa18a6
NeoBundleLock supertab 40fe711e088e2ab346738233dd5adbb1be355172
NeoBundleLock tabular 00e1e7fcdbc6d753e0bc8043e0d2546fa81bf367
NeoBundleLock tagbar 387bbadda98e1376ff3871aa461b1f0abd4ece70
NeoBundleLock thrift.vim 7c937d2a08e1154b2586729b67f0d1c8f5940e86
NeoBundleLock tmuxline.vim 92c6688f075dcbba899c824387ae6620006b4609
NeoBundleLock vim-airline 85696f28a909018a1c1f02fd0df1343f7f53cc39
NeoBundleLock vim-airline-themes 4b7f77e770a2165726072a2b6f109f2457783080
NeoBundleLock vim-elixir 58084475c1e523caeac97ffff62c154f7f8fcc66
NeoBundleLock vim-fugitive b82abd5bd583cfb90be63ae12adc36a84577bd45
NeoBundleLock vim-gitgutter 4e911819beaf82277dcef3c39ab9c60e9fbfe2ce
NeoBundleLock vim-go cc0467c3c567b9e95a694f160f2d5cd1cd21dad4
NeoBundleLock vim-json 3727f089410e23ae113be6222e8a08dd2613ecf2
NeoBundleLock vim-markdown 861e84fc0bc97be8387e92ac2fc180599dc2b5a3
NeoBundleLock vim-puppet 0d8ddd0dc3b7c908a82a6f16fa61aade766cc7e3
NeoBundleLock vim-python-pep8-indent 5f4184fb1200b329e810c1e4c866c86fdf44c135
NeoBundleLock vim-startify 4f1cd14e9488c871adf412686e5a8b80f6e0e4b7
NeoBundleLock vim-surround e49d6c2459e0f5569ff2d533b4df995dd7f98313
NeoBundleLock vim-terraform 33c0631028a2c3e20f634bc9cffcf3e4175126c2
NeoBundleLock vim-toml f96b26610a756975d9620e1817a555a72d3d984d
NeoBundleLock vim-yaml dce19542d5ec1663183b0f6844ec663b5d1f3d24
