NeoBundleLock SimpylFold 8ab594f64febdb694b20ac7292ce51fa5a39dfbe
NeoBundleLock bats.vim 3c283f594ff8bc7fb0c25cd07ebef0f17385f94a
NeoBundleLock ctrlp.vim 564176f01d7f3f7f8ab452ff4e1f5314de7b0981
NeoBundleLock dart-vim-plugin d60ed814030f0b0279a050725f70b8d00f039976
NeoBundleLock dash.vim f74a0a3e6eaa3134ad06610f73658509952dd66e
NeoBundleLock neobundle.vim 08a64dc297ab30a93fee14082f567ec2045609ad
NeoBundleLock neocomplete 035313d0b561db521cd7ba1ebbe88528850ba559
NeoBundleLock nerdcommenter 1f4bfd59920c101a30a74a07b824608a6e65f3fe
NeoBundleLock nerdtree 4ebbb533c3faf2c480211db2b547972bb3b60f2b
NeoBundleLock promptline.vim b6ce058b1321bdbfc1b0369cf0a6f7c1e58e99e3
NeoBundleLock python-syntax 69760cb3accce488cc072772ca918ac2cbf384ba
NeoBundleLock rust.vim 99242777d79432f894f0357410fafa455a91c351
NeoBundleLock supertab 66511772a430a5eaad7f7d03dbb02e8f33c4a641
NeoBundleLock tabular 60f25648814f0695eeb6c1040d97adca93c4e0bb
NeoBundleLock tagbar 7b36c46d17d57db34fdb0adac9ba6382d0bb5e66
NeoBundleLock thrift.vim 7c937d2a08e1154b2586729b67f0d1c8f5940e86
NeoBundleLock tmuxline.vim 1e638ef6b2673130db123f25b1ae1160c5289bb8
NeoBundleLock vim-airline 17eff4f4b0f3bec5fb3b22d6fd01b7296ca3d310
NeoBundleLock vim-fugitive fd36aa9c61e06d71befdbe8931f97137c489b065
NeoBundleLock vim-gitgutter 4510e9b33506b4b09168c99934c42ee1ce89bba2
NeoBundleLock vim-go 3e26758b1421ae88a8750b7c1aeaf8324c6b4912
NeoBundleLock vim-markdown 355fd85e37b0eddfec92b421d3ef3be53acb5a3e
NeoBundleLock vim-puppet d881b93dc4a8ed1374ad44439aeeb47808a6b91a
NeoBundleLock vim-python-pep8-indent f4f95ee041370e3e79bb72cb9b360a4ec5707785
NeoBundleLock vim-startify 8545f6f553640dc0318582c9749c893f2be3345e
NeoBundleLock vim-surround 2d05440ad23f97a7874ebd9b5de3a0e65d25d85c
NeoBundleLock vim-terraform 43c191a211e26c9d66b433ccf3ea475526d48b58
