NeoBundleLock SimpylFold f29ac75c05f95d981362d918238fde1609de7381
NeoBundleLock ctrlp.vim b5d3fe66a58a13d2ff8b6391f4387608496a030f
NeoBundleLock dash.vim f74a0a3e6eaa3134ad06610f73658509952dd66e
NeoBundleLock jedi-vim 0c2831d9a653279a3e04f52d3675d7e90ca09772
NeoBundleLock neobundle.vim c2ac00894734e9cd3da53f676582f08b51903cf5
NeoBundleLock neocomplete 52a60446cc3703dead4fd9b06866931457a80f6f
NeoBundleLock nerdcommenter 1f4bfd59920c101a30a74a07b824608a6e65f3fe
NeoBundleLock nerdtree b4fa33c39c3317ef8475c3c831360766708af920
NeoBundleLock promptline.vim b6ce058b1321bdbfc1b0369cf0a6f7c1e58e99e3
NeoBundleLock python-syntax 69760cb3accce488cc072772ca918ac2cbf384ba
NeoBundleLock rust.vim 95d9928eaa2e96853204918a237e6de74737c647
NeoBundleLock supertab 9f7da6d4988daf863ebc414f221bb12c2614f59e
NeoBundleLock syntastic cd40fe97519dc798c1b3e31eb9741d3d60fee17c
NeoBundleLock tabular 60f25648814f0695eeb6c1040d97adca93c4e0bb
NeoBundleLock tagbar 7b36c46d17d57db34fdb0adac9ba6382d0bb5e66
NeoBundleLock tmuxline.vim 1e638ef6b2673130db123f25b1ae1160c5289bb8
NeoBundleLock vim-airline 14d14cf951c08fc88ca6c3e6f28fe47b99421e23
NeoBundleLock vim-fugitive 1ecd12d523ffe031b5840316eeae1f24dd8920e4
NeoBundleLock vim-gitgutter 51d9a3f2bc2ed9a2e6e23dd0a37d0fe6d7880e5b
NeoBundleLock vim-go 6384e3ab7b2925c38f0199887e3050a3c9de3fff
NeoBundleLock vim-markdown 642730fccce7e78c995389f3c430747d266efa96
NeoBundleLock vim-puppet d881b93dc4a8ed1374ad44439aeeb47808a6b91a
NeoBundleLock vim-pyenv 96a3f5c79f582d39a2d23b8b9273b3265f36b3fb
NeoBundleLock vim-python-pep8-indent f4f95ee041370e3e79bb72cb9b360a4ec5707785
NeoBundleLock vim-startify 06ff991d7fea0db521447c0b2780eb480cbbaa9c
NeoBundleLock vim-surround 2d05440ad23f97a7874ebd9b5de3a0e65d25d85c
